
Microsoft Visual Studio Solution File, Format Version 12.00
# Visual Studio 14
VisualStudioVersion = 14.0.23107.0
MinimumVisualStudioVersion = 10.0.40219.1
Project("{8BC9CEB8-8B4A-11D0-8D11-00A0C91BC942}") = "MainA", "MainA\MainA.vcxproj", "{E7DD8741-1C58-44D6-8337-CC13EB14FCF3}"
EndProject
Project("{8BC9CEB8-8B4A-11D0-8D11-00A0C91BC942}") = "MainB", "..\MainB\MainB\MainB.vcxproj", "{6EDBF779-C05A-4A5F-B117-15B9F23EBBB6}"
EndProject
Project("{8BC9CEB8-8B4A-11D0-8D11-00A0C91BC942}") = "MainC", "..\MainC\MainC\MainC.vcxproj", "{461CC4DC-5236-4928-BCF5-FDF8470C714F}"
EndProject
Global
	GlobalSection(SolutionConfigurationPlatforms) = preSolution
		Debug|x64 = Debug|x64
		Debug|x86 = Debug|x86
		Release|x64 = Release|x64
		Release|x86 = Release|x86
	EndGlobalSection
	GlobalSection(ProjectConfigurationPlatforms) = postSolution
		{E7DD8741-1C58-44D6-8337-CC13EB14FCF3}.Debug|x64.ActiveCfg = Debug|x64
		{E7DD8741-1C58-44D6-8337-CC13EB14FCF3}.Debug|x64.Build.0 = Debug|x64
		{E7DD8741-1C58-44D6-8337-CC13EB14FCF3}.Debug|x86.ActiveCfg = Debug|Win32
		{E7DD8741-1C58-44D6-8337-CC13EB14FCF3}.Debug|x86.Build.0 = Debug|Win32
		{E7DD8741-1C58-44D6-8337-CC13EB14FCF3}.Release|x64.ActiveCfg = Release|x64
		{E7DD8741-1C58-44D6-8337-CC13EB14FCF3}.Release|x64.Build.0 = Release|x64
		{E7DD8741-1C58-44D6-8337-CC13EB14FCF3}.Release|x86.ActiveCfg = Release|Win32
		{E7DD8741-1C58-44D6-8337-CC13EB14FCF3}.Release|x86.Build.0 = Release|Win32
		{6EDBF779-C05A-4A5F-B117-15B9F23EBBB6}.Debug|x64.ActiveCfg = Debug|x64
		{6EDBF779-C05A-4A5F-B117-15B9F23EBBB6}.Debug|x64.Build.0 = Debug|x64
		{6EDBF779-C05A-4A5F-B117-15B9F23EBBB6}.Debug|x86.ActiveCfg = Debug|Win32
		{6EDBF779-C05A-4A5F-B117-15B9F23EBBB6}.Debug|x86.Build.0 = Debug|Win32
		{6EDBF779-C05A-4A5F-B117-15B9F23EBBB6}.Release|x64.ActiveCfg = Release|x64
		{6EDBF779-C05A-4A5F-B117-15B9F23EBBB6}.Release|x64.Build.0 = Release|x64
		{6EDBF779-C05A-4A5F-B117-15B9F23EBBB6}.Release|x86.ActiveCfg = Release|Win32
		{6EDBF779-C05A-4A5F-B117-15B9F23EBBB6}.Release|x86.Build.0 = Release|Win32
		{461CC4DC-5236-4928-BCF5-FDF8470C714F}.Debug|x64.ActiveCfg = Debug|x64
		{461CC4DC-5236-4928-BCF5-FDF8470C714F}.Debug|x64.Build.0 = Debug|x64
		{461CC4DC-5236-4928-BCF5-FDF8470C714F}.Debug|x86.ActiveCfg = Debug|Win32
		{461CC4DC-5236-4928-BCF5-FDF8470C714F}.Debug|x86.Build.0 = Debug|Win32
		{461CC4DC-5236-4928-BCF5-FDF8470C714F}.Release|x64.ActiveCfg = Release|x64
		{461CC4DC-5236-4928-BCF5-FDF8470C714F}.Release|x64.Build.0 = Release|x64
		{461CC4DC-5236-4928-BCF5-FDF8470C714F}.Release|x86.ActiveCfg = Release|Win32
		{461CC4DC-5236-4928-BCF5-FDF8470C714F}.Release|x86.Build.0 = Release|Win32
	EndGlobalSection
	GlobalSection(SolutionProperties) = preSolution
		HideSolutionNode = FALSE
	EndGlobalSection
EndGlobal
